
Microsoft Visual Studio Solution File, Format Version 12.00
# Visual Studio 15
VisualStudioVersion = 15.0.27703.2026
MinimumVisualStudioVersion = 10.0.40219.1
Project("{FAE04EC0-301F-11D3-BF4B-00C04F79EFBC}") = "ORM", "ORM\ORM.csproj", "{9E9E24F6-F6A7-4F14-A5A0-C1D68759F64A}"
EndProject
Project("{FAE04EC0-301F-11D3-BF4B-00C04F79EFBC}") = "ORM.Sql", "ORM.Sql\ORM.Sql.csproj", "{880905C3-BC1F-4E12-898B-193B2EDED5BC}"
EndProject
Project("{FAE04EC0-301F-11D3-BF4B-00C04F79EFBC}") = "ORM.Test", "ORM.Test\ORM.Test.csproj", "{D0E459D0-174A-4741-89AD-60F7C6FA0FC3}"
EndProject
Global
	GlobalSection(SolutionConfigurationPlatforms) = preSolution
		Debug|Any CPU = Debug|Any CPU
		Release|Any CPU = Release|Any CPU
	EndGlobalSection
	GlobalSection(ProjectConfigurationPlatforms) = postSolution
		{9E9E24F6-F6A7-4F14-A5A0-C1D68759F64A}.Debug|Any CPU.ActiveCfg = Debug|Any CPU
		{9E9E24F6-F6A7-4F14-A5A0-C1D68759F64A}.Debug|Any CPU.Build.0 = Debug|Any CPU
		{9E9E24F6-F6A7-4F14-A5A0-C1D68759F64A}.Release|Any CPU.ActiveCfg = Release|Any CPU
		{9E9E24F6-F6A7-4F14-A5A0-C1D68759F64A}.Release|Any CPU.Build.0 = Release|Any CPU
		{880905C3-BC1F-4E12-898B-193B2EDED5BC}.Debug|Any CPU.ActiveCfg = Debug|Any CPU
		{880905C3-BC1F-4E12-898B-193B2EDED5BC}.Debug|Any CPU.Build.0 = Debug|Any CPU
		{880905C3-BC1F-4E12-898B-193B2EDED5BC}.Release|Any CPU.ActiveCfg = Release|Any CPU
		{880905C3-BC1F-4E12-898B-193B2EDED5BC}.Release|Any CPU.Build.0 = Release|Any CPU
		{D0E459D0-174A-4741-89AD-60F7C6FA0FC3}.Debug|Any CPU.ActiveCfg = Debug|Any CPU
		{D0E459D0-174A-4741-89AD-60F7C6FA0FC3}.Debug|Any CPU.Build.0 = Debug|Any CPU
		{D0E459D0-174A-4741-89AD-60F7C6FA0FC3}.Release|Any CPU.ActiveCfg = Release|Any CPU
		{D0E459D0-174A-4741-89AD-60F7C6FA0FC3}.Release|Any CPU.Build.0 = Release|Any CPU
	EndGlobalSection
	GlobalSection(SolutionProperties) = preSolution
		HideSolutionNode = FALSE
	EndGlobalSection
	GlobalSection(ExtensibilityGlobals) = postSolution
		SolutionGuid = {7C1EADD4-CF94-4CEB-8958-891F718DF7D7}
	EndGlobalSection
EndGlobal
